// !$*UTF8*$!
{
	archiveVersion = 1;
	classes = {
	};
	objectVersion = 50;
	objects = {

/* Begin PBXBuildFile section */
		6503428923212FE000F5E01C /* CreditCardFormatter.framework in Frameworks */ = {isa = PBXBuildFile; fileRef = 6503427F23212FE000F5E01C /* CreditCardFormatter.framework */; };
		6503428E23212FE000F5E01C /* CreditCardFormatterTests.swift in Sources */ = {isa = PBXBuildFile; fileRef = 6503428D23212FE000F5E01C /* CreditCardFormatterTests.swift */; };
		6503429023212FE000F5E01C /* CreditCardFormatter.h in Headers */ = {isa = PBXBuildFile; fileRef = 6503428223212FE000F5E01C /* CreditCardFormatter.h */; settings = {ATTRIBUTES = (Public, ); }; };
		6503429B2321458500F5E01C /* README.md in Resources */ = {isa = PBXBuildFile; fileRef = 6503429A2321458500F5E01C /* README.md */; };
/* End PBXBuildFile section */

/* Begin PBXContainerItemProxy section */
		6503428A23212FE000F5E01C /* PBXContainerItemProxy */ = {
			isa = PBXContainerItemProxy;
			containerPortal = 6503427623212FE000F5E01C /* Project object */;
			proxyType = 1;
			remoteGlobalIDString = 6503427E23212FE000F5E01C;
			remoteInfo = CreditCardFormatter;
		};
/* End PBXContainerItemProxy section */

/* Begin PBXFileReference section */
		6503427F23212FE000F5E01C /* CreditCardFormatter.framework */ = {isa = PBXFileReference; explicitFileType = wrapper.framework; includeInIndex = 0; path = CreditCardFormatter.framework; sourceTree = BUILT_PRODUCTS_DIR; };
		6503428223212FE000F5E01C /* CreditCardFormatter.h */ = {isa = PBXFileReference; lastKnownFileType = sourcecode.c.h; path = CreditCardFormatter.h; sourceTree = "<group>"; };
		6503428323212FE000F5E01C /* Info.plist */ = {isa = PBXFileReference; lastKnownFileType = text.plist.xml; path = Info.plist; sourceTree = "<group>"; };
		6503428823212FE000F5E01C /* CreditCardFormatterTests.xctest */ = {isa = PBXFileReference; explicitFileType = wrapper.cfbundle; includeInIndex = 0; path = CreditCardFormatterTests.xctest; sourceTree = BUILT_PRODUCTS_DIR; };
		6503428D23212FE000F5E01C /* CreditCardFormatterTests.swift */ = {isa = PBXFileReference; lastKnownFileType = sourcecode.swift; path = CreditCardFormatterTests.swift; sourceTree = "<group>"; };
		6503428F23212FE000F5E01C /* Info.plist */ = {isa = PBXFileReference; lastKnownFileType = text.plist.xml; path = Info.plist; sourceTree = "<group>"; };
		6503429A2321458500F5E01C /* README.md */ = {isa = PBXFileReference; fileEncoding = 4; lastKnownFileType = net.daringfireball.markdown; path = README.md; sourceTree = "<group>"; };
		6503429F2321471B00F5E01C /* Package.swift */ = {isa = PBXFileReference; lastKnownFileType = sourcecode.swift; path = Package.swift; sourceTree = "<group>"; };
/* End PBXFileReference section */

/* Begin PBXFrameworksBuildPhase section */
		6503427C23212FE000F5E01C /* Frameworks */ = {
			isa = PBXFrameworksBuildPhase;
			buildActionMask = 2147483647;
			files = (
			);
			runOnlyForDeploymentPostprocessing = 0;
		};
		6503428523212FE000F5E01C /* Frameworks */ = {
			isa = PBXFrameworksBuildPhase;
			buildActionMask = 2147483647;
			files = (
				6503428923212FE000F5E01C /* CreditCardFormatter.framework in Frameworks */,
			);
			runOnlyForDeploymentPostprocessing = 0;
		};
/* End PBXFrameworksBuildPhase section */

/* Begin PBXGroup section */
		6503427523212FE000F5E01C = {
			isa = PBXGroup;
			children = (
				6503429F2321471B00F5E01C /* Package.swift */,
				6503429A2321458500F5E01C /* README.md */,
				6503428123212FE000F5E01C /* Sources */,
				6503428C23212FE000F5E01C /* Tests */,
				6503428023212FE000F5E01C /* Products */,
			);
			sourceTree = "<group>";
		};
		6503428023212FE000F5E01C /* Products */ = {
			isa = PBXGroup;
			children = (
				6503427F23212FE000F5E01C /* CreditCardFormatter.framework */,
				6503428823212FE000F5E01C /* CreditCardFormatterTests.xctest */,
			);
			name = Products;
			sourceTree = "<group>";
		};
		6503428123212FE000F5E01C /* Sources */ = {
			isa = PBXGroup;
			children = (
				6503429C2321465B00F5E01C /* CreditCardFormatter */,
			);
			path = Sources;
			sourceTree = "<group>";
		};
		6503428C23212FE000F5E01C /* Tests */ = {
			isa = PBXGroup;
			children = (
				6503429D2321466900F5E01C /* CreditCardFormatterTests */,
			);
			path = Tests;
			sourceTree = "<group>";
		};
		6503429C2321465B00F5E01C /* CreditCardFormatter */ = {
			isa = PBXGroup;
			children = (
				6503429E2321467F00F5E01C /* Supporting Files */,
			);
			path = CreditCardFormatter;
			sourceTree = "<group>";
		};
		6503429D2321466900F5E01C /* CreditCardFormatterTests */ = {
			isa = PBXGroup;
			children = (
				6503428D23212FE000F5E01C /* CreditCardFormatterTests.swift */,
				650342A0232197BA00F5E01C /* Supporting Files */,
			);
			path = CreditCardFormatterTests;
			sourceTree = "<group>";
		};
		6503429E2321467F00F5E01C /* Supporting Files */ = {
			isa = PBXGroup;
			children = (
				6503428223212FE000F5E01C /* CreditCardFormatter.h */,
				6503428323212FE000F5E01C /* Info.plist */,
			);
			path = "Supporting Files";
			sourceTree = "<group>";
		};
		650342A0232197BA00F5E01C /* Supporting Files */ = {
			isa = PBXGroup;
			children = (
				6503428F23212FE000F5E01C /* Info.plist */,
			);
			path = "Supporting Files";
			sourceTree = "<group>";
		};
/* End PBXGroup section */

/* Begin PBXHeadersBuildPhase section */
		6503427A23212FE000F5E01C /* Headers */ = {
			isa = PBXHeadersBuildPhase;
			buildActionMask = 2147483647;
			files = (
				6503429023212FE000F5E01C /* CreditCardFormatter.h in Headers */,
			);
			runOnlyForDeploymentPostprocessing = 0;
		};
/* End PBXHeadersBuildPhase section */

/* Begin PBXNativeTarget section */
		6503427E23212FE000F5E01C /* CreditCardFormatter */ = {
			isa = PBXNativeTarget;
			buildConfigurationList = 6503429323212FE000F5E01C /* Build configuration list for PBXNativeTarget "CreditCardFormatter" */;
			buildPhases = (
				6503427A23212FE000F5E01C /* Headers */,
				6503427B23212FE000F5E01C /* Sources */,
				6503427C23212FE000F5E01C /* Frameworks */,
				6503427D23212FE000F5E01C /* Resources */,
			);
			buildRules = (
			);
			dependencies = (
			);
			name = CreditCardFormatter;
			productName = CreditCardFormatter;
			productReference = 6503427F23212FE000F5E01C /* CreditCardFormatter.framework */;
			productType = "com.apple.product-type.framework";
		};
		6503428723212FE000F5E01C /* CreditCardFormatterTests */ = {
			isa = PBXNativeTarget;
			buildConfigurationList = 6503429623212FE000F5E01C /* Build configuration list for PBXNativeTarget "CreditCardFormatterTests" */;
			buildPhases = (
				6503428423212FE000F5E01C /* Sources */,
				6503428523212FE000F5E01C /* Frameworks */,
				6503428623212FE000F5E01C /* Resources */,
			);
			buildRules = (
			);
			dependencies = (
				6503428B23212FE000F5E01C /* PBXTargetDependency */,
			);
			name = CreditCardFormatterTests;
			productName = CreditCardFormatterTests;
			productReference = 6503428823212FE000F5E01C /* CreditCardFormatterTests.xctest */;
			productType = "com.apple.product-type.bundle.unit-test";
		};
/* End PBXNativeTarget section */

/* Begin PBXProject section */
		6503427623212FE000F5E01C /* Project object */ = {
			isa = PBXProject;
			attributes = {
				LastSwiftUpdateCheck = 1030;
				LastUpgradeCheck = 1030;
				ORGANIZATIONNAME = "Barbarity Apps";
				TargetAttributes = {
					6503427E23212FE000F5E01C = {
						CreatedOnToolsVersion = 10.3;
						LastSwiftMigration = 1030;
					};
					6503428723212FE000F5E01C = {
						CreatedOnToolsVersion = 10.3;
					};
				};
			};
			buildConfigurationList = 6503427923212FE000F5E01C /* Build configuration list for PBXProject "CreditCardFormatter" */;
			compatibilityVersion = "Xcode 9.3";
			developmentRegion = en;
			hasScannedForEncodings = 0;
			knownRegions = (
				en,
			);
			mainGroup = 6503427523212FE000F5E01C;
			productRefGroup = 6503428023212FE000F5E01C /* Products */;
			projectDirPath = "";
			projectRoot = "";
			targets = (
				6503427E23212FE000F5E01C /* CreditCardFormatter */,
				6503428723212FE000F5E01C /* CreditCardFormatterTests */,
			);
		};
/* End PBXProject section */

/* Begin PBXResourcesBuildPhase section */
		6503427D23212FE000F5E01C /* Resources */ = {
			isa = PBXResourcesBuildPhase;
			buildActionMask = 2147483647;
			files = (
				6503429B2321458500F5E01C /* README.md in Resources */,
			);
			runOnlyForDeploymentPostprocessing = 0;
		};
		6503428623212FE000F5E01C /* Resources */ = {
			isa = PBXResourcesBuildPhase;
			buildActionMask = 2147483647;
			files = (
			);
			runOnlyForDeploymentPostprocessing = 0;
		};
/* End PBXResourcesBuildPhase section */

/* Begin PBXSourcesBuildPhase section */
		6503427B23212FE000F5E01C /* Sources */ = {
			isa = PBXSourcesBuildPhase;
			buildActionMask = 2147483647;
			files = (
			);
			runOnlyForDeploymentPostprocessing = 0;
		};
		6503428423212FE000F5E01C /* Sources */ = {
			isa = PBXSourcesBuildPhase;
			buildActionMask = 2147483647;
			files = (
				6503428E23212FE000F5E01C /* CreditCardFormatterTests.swift in Sources */,
			);
			runOnlyForDeploymentPostprocessing = 0;
		};
/* End PBXSourcesBuildPhase section */

/* Begin PBXTargetDependency section */
		6503428B23212FE000F5E01C /* PBXTargetDependency */ = {
			isa = PBXTargetDependency;
			target = 6503427E23212FE000F5E01C /* CreditCardFormatter */;
			targetProxy = 6503428A23212FE000F5E01C /* PBXContainerItemProxy */;
		};
/* End PBXTargetDependency section */

/* Begin XCBuildConfiguration section */
		6503429123212FE000F5E01C /* Debug */ = {
			isa = XCBuildConfiguration;
			buildSettings = {
				ALWAYS_SEARCH_USER_PATHS = NO;
				CLANG_ANALYZER_NONNULL = YES;
				CLANG_ANALYZER_NUMBER_OBJECT_CONVERSION = YES_AGGRESSIVE;
				CLANG_CXX_LANGUAGE_STANDARD = "gnu++14";
				CLANG_CXX_LIBRARY = "libc++";
				CLANG_ENABLE_MODULES = YES;
				CLANG_ENABLE_OBJC_ARC = YES;
				CLANG_ENABLE_OBJC_WEAK = YES;
				CLANG_WARN_BLOCK_CAPTURE_AUTORELEASING = YES;
				CLANG_WARN_BOOL_CONVERSION = YES;
				CLANG_WARN_COMMA = YES;
				CLANG_WARN_CONSTANT_CONVERSION = YES;
				CLANG_WARN_DEPRECATED_OBJC_IMPLEMENTATIONS = YES;
				CLANG_WARN_DIRECT_OBJC_ISA_USAGE = YES_ERROR;
				CLANG_WARN_DOCUMENTATION_COMMENTS = YES;
				CLANG_WARN_EMPTY_BODY = YES;
				CLANG_WARN_ENUM_CONVERSION = YES;
				CLANG_WARN_INFINITE_RECURSION = YES;
				CLANG_WARN_INT_CONVERSION = YES;
				CLANG_WARN_NON_LITERAL_NULL_CONVERSION = YES;
				CLANG_WARN_OBJC_IMPLICIT_RETAIN_SELF = YES;
				CLANG_WARN_OBJC_LITERAL_CONVERSION = YES;
				CLANG_WARN_OBJC_ROOT_CLASS = YES_ERROR;
				CLANG_WARN_RANGE_LOOP_ANALYSIS = YES;
				CLANG_WARN_STRICT_PROTOTYPES = YES;
				CLANG_WARN_SUSPICIOUS_MOVE = YES;
				CLANG_WARN_UNGUARDED_AVAILABILITY = YES_AGGRESSIVE;
				CLANG_WARN_UNREACHABLE_CODE = YES;
				CLANG_WARN__DUPLICATE_METHOD_MATCH = YES;
				CODE_SIGN_IDENTITY = "iPhone Developer";
				COPY_PHASE_STRIP = NO;
				CURRENT_PROJECT_VERSION = 1;
				DEBUG_INFORMATION_FORMAT = dwarf;
				ENABLE_STRICT_OBJC_MSGSEND = YES;
				ENABLE_TESTABILITY = YES;
				GCC_C_LANGUAGE_STANDARD = gnu11;
				GCC_DYNAMIC_NO_PIC = NO;
				GCC_NO_COMMON_BLOCKS = YES;
				GCC_OPTIMIZATION_LEVEL = 0;
				GCC_PREPROCESSOR_DEFINITIONS = (
					"DEBUG=1",
					"$(inherited)",
				);
				GCC_WARN_64_TO_32_BIT_CONVERSION = YES;
				GCC_WARN_ABOUT_RETURN_TYPE = YES_ERROR;
				GCC_WARN_UNDECLARED_SELECTOR = YES;
				GCC_WARN_UNINITIALIZED_AUTOS = YES_AGGRESSIVE;
				GCC_WARN_UNUSED_FUNCTION = YES;
				GCC_WARN_UNUSED_VARIABLE = YES;
				IPHONEOS_DEPLOYMENT_TARGET = 12.4;
				MTL_ENABLE_DEBUG_INFO = INCLUDE_SOURCE;
				MTL_FAST_MATH = YES;
				ONLY_ACTIVE_ARCH = YES;
				SDKROOT = iphoneos;
				SWIFT_ACTIVE_COMPILATION_CONDITIONS = DEBUG;
				SWIFT_OPTIMIZATION_LEVEL = "-Onone";
				VERSIONING_SYSTEM = "apple-generic";
				VERSION_INFO_PREFIX = "";
			};
			name = Debug;
		};
		6503429223212FE000F5E01C /* Release */ = {
			isa = XCBuildConfiguration;
			buildSettings = {
				ALWAYS_SEARCH_USER_PATHS = NO;
				CLANG_ANALYZER_NONNULL = YES;
				CLANG_ANALYZER_NUMBER_OBJECT_CONVERSION = YES_AGGRESSIVE;
				CLANG_CXX_LANGUAGE_STANDARD = "gnu++14";
				CLANG_CXX_LIBRARY = "libc++";
				CLANG_ENABLE_MODULES = YES;
				CLANG_ENABLE_OBJC_ARC = YES;
				CLANG_ENABLE_OBJC_WEAK = YES;
				CLANG_WARN_BLOCK_CAPTURE_AUTORELEASING = YES;
				CLANG_WARN_BOOL_CONVERSION = YES;
				CLANG_WARN_COMMA = YES;
				CLANG_WARN_CONSTANT_CONVERSION = YES;
				CLANG_WARN_DEPRECATED_OBJC_IMPLEMENTATIONS = YES;
				CLANG_WARN_DIRECT_OBJC_ISA_USAGE = YES_ERROR;
				CLANG_WARN_DOCUMENTATION_COMMENTS = YES;
				CLANG_WARN_EMPTY_BODY = YES;
				CLANG_WARN_ENUM_CONVERSION = YES;
				CLANG_WARN_INFINITE_RECURSION = YES;
				CLANG_WARN_INT_CONVERSION = YES;
				CLANG_WARN_NON_LITERAL_NULL_CONVERSION = YES;
				CLANG_WARN_OBJC_IMPLICIT_RETAIN_SELF = YES;
				CLANG_WARN_OBJC_LITERAL_CONVERSION = YES;
				CLANG_WARN_OBJC_ROOT_CLASS = YES_ERROR;
				CLANG_WARN_RANGE_LOOP_ANALYSIS = YES;
				CLANG_WARN_STRICT_PROTOTYPES = YES;
				CLANG_WARN_SUSPICIOUS_MOVE = YES;
				CLANG_WARN_UNGUARDED_AVAILABILITY = YES_AGGRESSIVE;
				CLANG_WARN_UNREACHABLE_CODE = YES;
				CLANG_WARN__DUPLICATE_METHOD_MATCH = YES;
				CODE_SIGN_IDENTITY = "iPhone Developer";
				COPY_PHASE_STRIP = NO;
				CURRENT_PROJECT_VERSION = 1;
				DEBUG_INFORMATION_FORMAT = "dwarf-with-dsym";
				ENABLE_NS_ASSERTIONS = NO;
				ENABLE_STRICT_OBJC_MSGSEND = YES;
				GCC_C_LANGUAGE_STANDARD = gnu11;
				GCC_NO_COMMON_BLOCKS = YES;
				GCC_WARN_64_TO_32_BIT_CONVERSION = YES;
				GCC_WARN_ABOUT_RETURN_TYPE = YES_ERROR;
				GCC_WARN_UNDECLARED_SELECTOR = YES;
				GCC_WARN_UNINITIALIZED_AUTOS = YES_AGGRESSIVE;
				GCC_WARN_UNUSED_FUNCTION = YES;
				GCC_WARN_UNUSED_VARIABLE = YES;
				IPHONEOS_DEPLOYMENT_TARGET = 12.4;
				MTL_ENABLE_DEBUG_INFO = NO;
				MTL_FAST_MATH = YES;
				SDKROOT = iphoneos;
				SWIFT_COMPILATION_MODE = wholemodule;
				SWIFT_OPTIMIZATION_LEVEL = "-O";
				VALIDATE_PRODUCT = YES;
				VERSIONING_SYSTEM = "apple-generic";
				VERSION_INFO_PREFIX = "";
			};
			name = Release;
		};
		6503429423212FE000F5E01C /* Debug */ = {
			isa = XCBuildConfiguration;
			buildSettings = {
				CLANG_ENABLE_MODULES = YES;
				CODE_SIGN_IDENTITY = "";
				CODE_SIGN_STYLE = Automatic;
				DEFINES_MODULE = YES;
				DEVELOPMENT_TEAM = B8DKBGWEGR;
				DYLIB_COMPATIBILITY_VERSION = 1;
				DYLIB_CURRENT_VERSION = 1;
				DYLIB_INSTALL_NAME_BASE = "@rpath";
				INFOPLIST_FILE = "Sources/CreditCardFormatter/Supporting Files/Info.plist";
				INSTALL_PATH = "$(LOCAL_LIBRARY_DIR)/Frameworks";
				IPHONEOS_DEPLOYMENT_TARGET = 11.0;
				LD_RUNPATH_SEARCH_PATHS = (
					"$(inherited)",
					"@executable_path/Frameworks",
					"@loader_path/Frameworks",
				);
				PRODUCT_BUNDLE_IDENTIFIER = com.barbarityapps.CreditCardFormatter;
				PRODUCT_NAME = "$(TARGET_NAME:c99extidentifier)";
				SKIP_INSTALL = YES;
				SWIFT_OPTIMIZATION_LEVEL = "-Onone";
				SWIFT_VERSION = 5.0;
				TARGETED_DEVICE_FAMILY = "1,2";
			};
			name = Debug;
		};
		6503429523212FE000F5E01C /* Release */ = {
			isa = XCBuildConfiguration;
			buildSettings = {
				CLANG_ENABLE_MODULES = YES;
				CODE_SIGN_IDENTITY = "";
				CODE_SIGN_STYLE = Automatic;
				DEFINES_MODULE = YES;
				DEVELOPMENT_TEAM = B8DKBGWEGR;
				DYLIB_COMPATIBILITY_VERSION = 1;
				DYLIB_CURRENT_VERSION = 1;
				DYLIB_INSTALL_NAME_BASE = "@rpath";
				INFOPLIST_FILE = "Sources/CreditCardFormatter/Supporting Files/Info.plist";
				INSTALL_PATH = "$(LOCAL_LIBRARY_DIR)/Frameworks";
				IPHONEOS_DEPLOYMENT_TARGET = 11.0;
				LD_RUNPATH_SEARCH_PATHS = (
					"$(inherited)",
					"@executable_path/Frameworks",
					"@loader_path/Frameworks",
				);
				PRODUCT_BUNDLE_IDENTIFIER = com.barbarityapps.CreditCardFormatter;
				PRODUCT_NAME = "$(TARGET_NAME:c99extidentifier)";
				SKIP_INSTALL = YES;
				SWIFT_VERSION = 5.0;
				TARGETED_DEVICE_FAMILY = "1,2";
			};
			name = Release;
		};
		6503429723212FE000F5E01C /* Debug */ = {
			isa = XCBuildConfiguration;
			buildSettings = {
				CODE_SIGN_STYLE = Automatic;
				DEVELOPMENT_TEAM = B8DKBGWEGR;
				INFOPLIST_FILE = "Tests/CreditCardFormatterTests/Supporting Files/Info.plist";
				LD_RUNPATH_SEARCH_PATHS = (
					"$(inherited)",
					"@executable_path/Frameworks",
					"@loader_path/Frameworks",
				);
				PRODUCT_BUNDLE_IDENTIFIER = com.barbarityapps.CreditCardFormatterTests;
				PRODUCT_NAME = "$(TARGET_NAME)";
				SWIFT_VERSION = 5.0;
				TARGETED_DEVICE_FAMILY = "1,2";
			};
			name = Debug;
		};
		6503429823212FE000F5E01C /* Release */ = {
			isa = XCBuildConfiguration;
			buildSettings = {
				CODE_SIGN_STYLE = Automatic;
				DEVELOPMENT_TEAM = B8DKBGWEGR;
				INFOPLIST_FILE = "Tests/CreditCardFormatterTests/Supporting Files/Info.plist";
				LD_RUNPATH_SEARCH_PATHS = (
					"$(inherited)",
					"@executable_path/Frameworks",
					"@loader_path/Frameworks",
				);
				PRODUCT_BUNDLE_IDENTIFIER = com.barbarityapps.CreditCardFormatterTests;
				PRODUCT_NAME = "$(TARGET_NAME)";
				SWIFT_VERSION = 5.0;
				TARGETED_DEVICE_FAMILY = "1,2";
			};
			name = Release;
		};
/* End XCBuildConfiguration section */

/* Begin XCConfigurationList section */
		6503427923212FE000F5E01C /* Build configuration list for PBXProject "CreditCardFormatter" */ = {
			isa = XCConfigurationList;
			buildConfigurations = (
				6503429123212FE000F5E01C /* Debug */,
				6503429223212FE000F5E01C /* Release */,
			);
			defaultConfigurationIsVisible = 0;
			defaultConfigurationName = Release;
		};
		6503429323212FE000F5E01C /* Build configuration list for PBXNativeTarget "CreditCardFormatter" */ = {
			isa = XCConfigurationList;
			buildConfigurations = (
				6503429423212FE000F5E01C /* Debug */,
				6503429523212FE000F5E01C /* Release */,
			);
			defaultConfigurationIsVisible = 0;
			defaultConfigurationName = Release;
		};
		6503429623212FE000F5E01C /* Build configuration list for PBXNativeTarget "CreditCardFormatterTests" */ = {
			isa = XCConfigurationList;
			buildConfigurations = (
				6503429723212FE000F5E01C /* Debug */,
				6503429823212FE000F5E01C /* Release */,
			);
			defaultConfigurationIsVisible = 0;
			defaultConfigurationName = Release;
		};
/* End XCConfigurationList section */
	};
	rootObject = 6503427623212FE000F5E01C /* Project object */;
}
